
Microsoft Visual Studio Solution File, Format Version 12.00
# Visual Studio Version 17
VisualStudioVersion = 17.12.35707.178 d17.12
MinimumVisualStudioVersion = 10.0.40219.1
Project("{FAE04EC0-301F-11D3-BF4B-00C04F79EFBC}") = "kniga", "kniga\kniga.csproj", "{8C9235BB-51A8-4DA9-9FC4-CA374C326ECD}"
EndProject
Global
	GlobalSection(SolutionConfigurationPlatforms) = preSolution
		Debug|Any CPU = Debug|Any CPU
		Release|Any CPU = Release|Any CPU
	EndGlobalSection
	GlobalSection(ProjectConfigurationPlatforms) = postSolution
		{8C9235BB-51A8-4DA9-9FC4-CA374C326ECD}.Debug|Any CPU.ActiveCfg = Debug|Any CPU
		{8C9235BB-51A8-4DA9-9FC4-CA374C326ECD}.Debug|Any CPU.Build.0 = Debug|Any CPU
		{8C9235BB-51A8-4DA9-9FC4-CA374C326ECD}.Release|Any CPU.ActiveCfg = Release|Any CPU
		{8C9235BB-51A8-4DA9-9FC4-CA374C326ECD}.Release|Any CPU.Build.0 = Release|Any CPU
	EndGlobalSection
	GlobalSection(SolutionProperties) = preSolution
		HideSolutionNode = FALSE
	EndGlobalSection
EndGlobal
